
Microsoft Visual Studio Solution File, Format Version 12.00
# Visual Studio Version 16
VisualStudioVersion = 16.0.31313.79
MinimumVisualStudioVersion = 10.0.40219.1
Project("{9A19103F-16F7-4668-BE54-9A1E7A4F7556}") = "Api", "Api.csproj", "{FF236F8E-7AE9-431B-9F1D-688AB664265E}"
EndProject
Global
	GlobalSection(SolutionConfigurationPlatforms) = preSolution
		Debug|Any CPU = Debug|Any CPU
		Release|Any CPU = Release|Any CPU
	EndGlobalSection
	GlobalSection(ProjectConfigurationPlatforms) = postSolution
		{FF236F8E-7AE9-431B-9F1D-688AB664265E}.Debug|Any CPU.ActiveCfg = Debug|Any CPU
		{FF236F8E-7AE9-431B-9F1D-688AB664265E}.Debug|Any CPU.Build.0 = Debug|Any CPU
		{FF236F8E-7AE9-431B-9F1D-688AB664265E}.Release|Any CPU.ActiveCfg = Release|Any CPU
		{FF236F8E-7AE9-431B-9F1D-688AB664265E}.Release|Any CPU.Build.0 = Release|Any CPU
	EndGlobalSection
	GlobalSection(SolutionProperties) = preSolution
		HideSolutionNode = FALSE
	EndGlobalSection
	GlobalSection(ExtensibilityGlobals) = postSolution
		SolutionGuid = {FDC9FAED-6A4D-48F7-A505-06112D7A9DFE}
	EndGlobalSection
EndGlobal
